
Microsoft Visual Studio Solution File, Format Version 12.00
# Visual Studio Version 17
VisualStudioVersion = 17.9.34701.34
MinimumVisualStudioVersion = 10.0.40219.1
Project("{FAE04EC0-301F-11D3-BF4B-00C04F79EFBC}") = "Ticket_Doku-Jira", "Ticket_Doku-Jira\Ticket_Doku-Jira.csproj", "{03DEC7CD-1163-4034-9E26-2CB25CD53DB1}"
EndProject
Global
	GlobalSection(SolutionConfigurationPlatforms) = preSolution
		Debug|Any CPU = Debug|Any CPU
		Release|Any CPU = Release|Any CPU
	EndGlobalSection
	GlobalSection(ProjectConfigurationPlatforms) = postSolution
		{03DEC7CD-1163-4034-9E26-2CB25CD53DB1}.Debug|Any CPU.ActiveCfg = Debug|Any CPU
		{03DEC7CD-1163-4034-9E26-2CB25CD53DB1}.Debug|Any CPU.Build.0 = Debug|Any CPU
		{03DEC7CD-1163-4034-9E26-2CB25CD53DB1}.Release|Any CPU.ActiveCfg = Release|Any CPU
		{03DEC7CD-1163-4034-9E26-2CB25CD53DB1}.Release|Any CPU.Build.0 = Release|Any CPU
	EndGlobalSection
	GlobalSection(SolutionProperties) = preSolution
		HideSolutionNode = FALSE
	EndGlobalSection
	GlobalSection(ExtensibilityGlobals) = postSolution
		SolutionGuid = {B2BF96DB-9655-43C7-A274-2A06C1CBEB93}
	EndGlobalSection
EndGlobal
